{
  "name": "ftw-matter-sidecar",
  "version": "1.0.0",
  "lockfileVersion": 3,
  "requires": true,
  "packages": {
    "": {
      "name": "ftw-matter-sidecar",
      "version": "1.0.0",
      "license": "ISC",
      "dependencies": {
        "@matter/main": "^0.17.3",
        "@matter/node": "^0.17.3",
        "ws": "^8.21.0"
      },
      "devDependencies": {
        "@types/node": "^22.0.0",
        "@types/ws": "^8.18.1",
        "typescript": "^6.0.3"
      }
    },
    "node_modules/@matter/general": {
      "version": "0.17.3",
      "resolved": "https://registry.npmjs.org/@matter/general/-/general-0.17.3.tgz",
      "integrity": "sha512-5DRM/sA+4gQj/p0cBOBPSXcLjCQ3Qix9rCE23sGGonVWY4PMi+SWzZHvQVe5mYvCl+HU3pL+aJq8HalyOqjEGQ==",
      "license": "Apache-2.0",
      "dependencies": {
        "@noble/curves": "^2.2.0"
      }
    },
    "node_modules/@matter/main": {
      "version": "0.17.3",
      "resolved": "https://registry.npmjs.org/@matter/main/-/main-0.17.3.tgz",
      "integrity": "sha512-0JE1qtN7ne0P3rCCSWP2pFONFRlOpZvV+BmTyl4YFJtWapIcTUzak9gZ4/WJ0VAUQX4GtbnIAinwyLoysWewIA==",
      "license": "Apache-2.0",
      "dependencies": {
        "@matter/general": "0.17.3",
        "@matter/model": "0.17.3",
        "@matter/node": "0.17.3",
        "@matter/protocol": "0.17.3",
        "@matter/types": "0.17.3"
      },
      "optionalDependencies": {
        "@matter/nodejs": "0.17.3"
      }
    },
    "node_modules/@matter/model": {
      "version": "0.17.3",
      "resolved": "https://registry.npmjs.org/@matter/model/-/model-0.17.3.tgz",
      "integrity": "sha512-WfUCmoy71BAOumExCxpgQp2OjfzSEcQtUkft1WkVF1yOToju/0CAhMg0hoqB+XPoEDEwmARgi/AIhgoiJOhGng==",
      "license": "Apache-2.0",
      "dependencies": {
        "@matter/general": "0.17.3"
      }
    },
    "node_modules/@matter/node": {
      "version": "0.17.3",
      "resolved": "https://registry.npmjs.org/@matter/node/-/node-0.17.3.tgz",
      "integrity": "sha512-d6SGETjsE/z9NGPove39eu6WI6qA4svp1IQ/W45+iCWhKidaMu58DX7EZpNCOjWsTfXdjgQA8WnD9K1Ujbuzfg==",
      "license": "Apache-2.0",
      "dependencies": {
        "@matter/general": "0.17.3",
        "@matter/model": "0.17.3",
        "@matter/protocol": "0.17.3",
        "@matter/types": "0.17.3"
      }
    },
    "node_modules/@matter/nodejs": {
      "version": "0.17.3",
      "resolved": "https://registry.npmjs.org/@matter/nodejs/-/nodejs-0.17.3.tgz",
      "integrity": "sha512-lrhK12Uk5W7WmboF6JE9UV68sj0E2hiYJvpIuZTCnKFmvHs0AwF080eZAIOXcIfsf3Gg6rHHzq5FpR7Zvqiflg==",
      "license": "Apache-2.0",
      "optional": true,
      "dependencies": {
        "@matter/general": "0.17.3",
        "@matter/node": "0.17.3",
        "@matter/protocol": "0.17.3",
        "@matter/types": "0.17.3"
      },
      "engines": {
        "node": ">=20.19.0 <22.0.0 || >=22.13.0"
      }
    },
    "node_modules/@matter/protocol": {
      "version": "0.17.3",
      "resolved": "https://registry.npmjs.org/@matter/protocol/-/protocol-0.17.3.tgz",
      "integrity": "sha512-Sf8O2IUhqzKqKR4ssY8epF+aSCrszUiTBkSJ5u/fYDaoADjxIPHFOKXdYcjKrfuydyxhzYDK6eh3XPzyXrir3w==",
      "license": "Apache-2.0",
      "dependencies": {
        "@matter/general": "0.17.3",
        "@matter/model": "0.17.3",
        "@matter/types": "0.17.3"
      }
    },
    "node_modules/@matter/types": {
      "version": "0.17.3",
      "resolved": "https://registry.npmjs.org/@matter/types/-/types-0.17.3.tgz",
      "integrity": "sha512-7I49NkCAnsytxoFm6mwgpBTgwnODPxpJBkWQfzrWRRW6KBY0syJj+LkI7CIPK37VCc7AAzGrWIRHN7wylKaPeg==",
      "license": "Apache-2.0",
      "dependencies": {
        "@matter/general": "0.17.3",
        "@matter/model": "0.17.3"
      }
    },
    "node_modules/@noble/curves": {
      "version": "2.2.0",
      "resolved": "https://registry.npmjs.org/@noble/curves/-/curves-2.2.0.tgz",
      "integrity": "sha512-T/BoHgFXirb0ENSPBquzX0rcjXeM6Lo892a2jlYJkqk83LqZx0l1Of7DzlKJ6jkpvMrkHSnAcgb5JegL8SeIkQ==",
      "license": "MIT",
      "dependencies": {
        "@noble/hashes": "2.2.0"
      },
      "engines": {
        "node": ">= 20.19.0"
      },
      "funding": {
        "url": "https://paulmillr.com/funding/"
      }
    },
    "node_modules/@noble/hashes": {
      "version": "2.2.0",
      "resolved": "https://registry.npmjs.org/@noble/hashes/-/hashes-2.2.0.tgz",
      "integrity": "sha512-IYqDGiTXab6FniAgnSdZwgWbomxpy9FtYvLKs7wCUs2a8RkITG+DFGO1DM9cr+E3/RgADRpFjrKVaJ1z6sjtEg==",
      "license": "MIT",
      "engines": {
        "node": ">= 20.19.0"
      },
      "funding": {
        "url": "https://paulmillr.com/funding/"
      }
    },
    "node_modules/@types/node": {
      "version": "22.19.21",
      "resolved": "https://registry.npmjs.org/@types/node/-/node-22.19.21.tgz",
      "integrity": "sha512-VMeFBSCKQKmm2swI2kW51SFusDqekC6q9trBCvJ/JliDchFSuoYYKN7yVNjPthP1HKZcx3U1gI/wTcEBjEFKTA==",
      "dev": true,
      "license": "MIT",
      "dependencies": {
        "undici-types": "~6.21.0"
      }
    },
    "node_modules/@types/ws": {
      "version": "8.18.1",
      "resolved": "https://registry.npmjs.org/@types/ws/-/ws-8.18.1.tgz",
      "integrity": "sha512-ThVF6DCVhA8kUGy+aazFQ4kXQ7E1Ty7A3ypFOe0IcJV8O/M511G99AW24irKrW56Wt44yG9+ij8FaqoBGkuBXg==",
      "dev": true,
      "license": "MIT",
      "dependencies": {
        "@types/node": "*"
      }
    },
    "node_modules/typescript": {
      "version": "6.0.3",
      "resolved": "https://registry.npmjs.org/typescript/-/typescript-6.0.3.tgz",
      "integrity": "sha512-y2TvuxSZPDyQakkFRPZHKFm+KKVqIisdg9/CZwm9ftvKXLP8NRWj38/ODjNbr43SsoXqNuAisEf1GdCxqWcdBw==",
      "dev": true,
      "license": "Apache-2.0",
      "bin": {
        "tsc": "bin/tsc",
        "tsserver": "bin/tsserver"
      },
      "engines": {
        "node": ">=14.17"
      }
    },
    "node_modules/undici-types": {
      "version": "6.21.0",
      "resolved": "https://registry.npmjs.org/undici-types/-/undici-types-6.21.0.tgz",
      "integrity": "sha512-iwDZqg0QAGrg9Rav5H4n0M64c3mkR59cJ6wQp+7C4nI0gsmExaedaYLNO44eT4AtBBwjbTiGPMlt2Md0T9H9JQ==",
      "dev": true,
      "license": "MIT"
    },
    "node_modules/ws": {
      "version": "8.21.0",
      "resolved": "https://registry.npmjs.org/ws/-/ws-8.21.0.tgz",
      "integrity": "sha512-Vsp28b7DRcimFQvrqu2Wek3z1iYxDCWqHYB8Qsnk/S4RfaCQzPGPyBNuVjJV3cd6UiKtUtp6sNM77gWvzcCH+g==",
      "license": "MIT",
      "engines": {
        "node": ">=10.0.0"
      },
      "peerDependencies": {
        "bufferutil": "^4.0.1",
        "utf-8-validate": ">=5.0.2"
      },
      "peerDependenciesMeta": {
        "bufferutil": {
          "optional": true
        },
        "utf-8-validate": {
          "optional": true
        }
      }
    }
  }
}
